
Microsoft Visual Studio Solution File, Format Version 12.00
# Visual Studio Version 17
VisualStudioVersion = 17.8.34330.188
MinimumVisualStudioVersion = 10.0.40219.1
Project("{FAE04EC0-301F-11D3-BF4B-00C04F79EFBC}") = "ConsoleTextBoxTestProject", "ConsoleTextBoxTestProject\ConsoleTextBoxTestProject.csproj", "{B284C026-8043-4A42-9059-991703E12D06}"
EndProject
Global
	GlobalSection(SolutionConfigurationPlatforms) = preSolution
		Debug|Any CPU = Debug|Any CPU
		Release|Any CPU = Release|Any CPU
	EndGlobalSection
	GlobalSection(ProjectConfigurationPlatforms) = postSolution
		{B284C026-8043-4A42-9059-991703E12D06}.Debug|Any CPU.ActiveCfg = Debug|Any CPU
		{B284C026-8043-4A42-9059-991703E12D06}.Debug|Any CPU.Build.0 = Debug|Any CPU
		{B284C026-8043-4A42-9059-991703E12D06}.Release|Any CPU.ActiveCfg = Release|Any CPU
		{B284C026-8043-4A42-9059-991703E12D06}.Release|Any CPU.Build.0 = Release|Any CPU
	EndGlobalSection
	GlobalSection(SolutionProperties) = preSolution
		HideSolutionNode = FALSE
	EndGlobalSection
	GlobalSection(ExtensibilityGlobals) = postSolution
		SolutionGuid = {4DFA8F2B-0C20-4664-92FF-0E5112EC34FF}
	EndGlobalSection
EndGlobal
